
Microsoft Visual Studio Solution File, Format Version 12.00
# Visual Studio Version 17
VisualStudioVersion = 17.6.33815.320
MinimumVisualStudioVersion = 10.0.40219.1
Project("{FAE04EC0-301F-11D3-BF4B-00C04F79EFBC}") = "ConsoleApp2", "ConsoleApp2\ConsoleApp2.csproj", "{D8866E8D-DF5B-42ED-9EC2-4B410C9CCFA2}"
EndProject
Global
	GlobalSection(SolutionConfigurationPlatforms) = preSolution
		Debug|Any CPU = Debug|Any CPU
		Release|Any CPU = Release|Any CPU
	EndGlobalSection
	GlobalSection(ProjectConfigurationPlatforms) = postSolution
		{D8866E8D-DF5B-42ED-9EC2-4B410C9CCFA2}.Debug|Any CPU.ActiveCfg = Debug|Any CPU
		{D8866E8D-DF5B-42ED-9EC2-4B410C9CCFA2}.Debug|Any CPU.Build.0 = Debug|Any CPU
		{D8866E8D-DF5B-42ED-9EC2-4B410C9CCFA2}.Release|Any CPU.ActiveCfg = Release|Any CPU
		{D8866E8D-DF5B-42ED-9EC2-4B410C9CCFA2}.Release|Any CPU.Build.0 = Release|Any CPU
	EndGlobalSection
	GlobalSection(SolutionProperties) = preSolution
		HideSolutionNode = FALSE
	EndGlobalSection
	GlobalSection(ExtensibilityGlobals) = postSolution
		SolutionGuid = {A389F453-80C0-46B7-8853-2FB78D5411D5}
	EndGlobalSection
EndGlobal
